
Microsoft Visual Studio Solution File, Format Version 12.00
# Visual Studio Version 17
VisualStudioVersion = 17.5.002.0
MinimumVisualStudioVersion = 10.0.40219.1
Project("{9A19103F-16F7-4668-BE54-9A1E7A4F7556}") = "Ejercicios 8-2", "Ejercicios 8-2.csproj", "{911FC25F-73CB-4F9E-9F84-6C0A1FB8EE3A}"
EndProject
Global
	GlobalSection(SolutionConfigurationPlatforms) = preSolution
		Debug|Any CPU = Debug|Any CPU
		Release|Any CPU = Release|Any CPU
	EndGlobalSection
	GlobalSection(ProjectConfigurationPlatforms) = postSolution
		{911FC25F-73CB-4F9E-9F84-6C0A1FB8EE3A}.Debug|Any CPU.ActiveCfg = Debug|Any CPU
		{911FC25F-73CB-4F9E-9F84-6C0A1FB8EE3A}.Debug|Any CPU.Build.0 = Debug|Any CPU
		{911FC25F-73CB-4F9E-9F84-6C0A1FB8EE3A}.Release|Any CPU.ActiveCfg = Release|Any CPU
		{911FC25F-73CB-4F9E-9F84-6C0A1FB8EE3A}.Release|Any CPU.Build.0 = Release|Any CPU
	EndGlobalSection
	GlobalSection(SolutionProperties) = preSolution
		HideSolutionNode = FALSE
	EndGlobalSection
	GlobalSection(ExtensibilityGlobals) = postSolution
		SolutionGuid = {FD1EBE11-61DE-4FED-8AED-5AF58E8CF23B}
	EndGlobalSection
EndGlobal
