
Microsoft Visual Studio Solution File, Format Version 12.00
# Visual Studio Version 17
VisualStudioVersion = 17.5.002.0
MinimumVisualStudioVersion = 10.0.40219.1
Project("{9A19103F-16F7-4668-BE54-9A1E7A4F7556}") = "Ejercicios 6", "Ejercicios 6.csproj", "{22EF6CFD-AF18-4537-B9BD-4E284123D337}"
EndProject
Global
	GlobalSection(SolutionConfigurationPlatforms) = preSolution
		Debug|Any CPU = Debug|Any CPU
		Release|Any CPU = Release|Any CPU
	EndGlobalSection
	GlobalSection(ProjectConfigurationPlatforms) = postSolution
		{22EF6CFD-AF18-4537-B9BD-4E284123D337}.Debug|Any CPU.ActiveCfg = Debug|Any CPU
		{22EF6CFD-AF18-4537-B9BD-4E284123D337}.Debug|Any CPU.Build.0 = Debug|Any CPU
		{22EF6CFD-AF18-4537-B9BD-4E284123D337}.Release|Any CPU.ActiveCfg = Release|Any CPU
		{22EF6CFD-AF18-4537-B9BD-4E284123D337}.Release|Any CPU.Build.0 = Release|Any CPU
	EndGlobalSection
	GlobalSection(SolutionProperties) = preSolution
		HideSolutionNode = FALSE
	EndGlobalSection
	GlobalSection(ExtensibilityGlobals) = postSolution
		SolutionGuid = {70B85011-EB0F-4C37-BD2E-B2179DB18521}
	EndGlobalSection
EndGlobal
