
Microsoft Visual Studio Solution File, Format Version 12.00
# Visual Studio Version 17
VisualStudioVersion = 17.5.002.0
MinimumVisualStudioVersion = 10.0.40219.1
Project("{9A19103F-16F7-4668-BE54-9A1E7A4F7556}") = "Ejercicios 8-4", "Ejercicios 8-4.csproj", "{F56C8C28-B7B6-4DB4-9465-52814FBDC3F9}"
EndProject
Global
	GlobalSection(SolutionConfigurationPlatforms) = preSolution
		Debug|Any CPU = Debug|Any CPU
		Release|Any CPU = Release|Any CPU
	EndGlobalSection
	GlobalSection(ProjectConfigurationPlatforms) = postSolution
		{F56C8C28-B7B6-4DB4-9465-52814FBDC3F9}.Debug|Any CPU.ActiveCfg = Debug|Any CPU
		{F56C8C28-B7B6-4DB4-9465-52814FBDC3F9}.Debug|Any CPU.Build.0 = Debug|Any CPU
		{F56C8C28-B7B6-4DB4-9465-52814FBDC3F9}.Release|Any CPU.ActiveCfg = Release|Any CPU
		{F56C8C28-B7B6-4DB4-9465-52814FBDC3F9}.Release|Any CPU.Build.0 = Release|Any CPU
	EndGlobalSection
	GlobalSection(SolutionProperties) = preSolution
		HideSolutionNode = FALSE
	EndGlobalSection
	GlobalSection(ExtensibilityGlobals) = postSolution
		SolutionGuid = {53F03E18-B9E3-4BA0-806A-11CDFAD75927}
	EndGlobalSection
EndGlobal
