
Microsoft Visual Studio Solution File, Format Version 12.00
# Visual Studio Version 17
VisualStudioVersion = 17.5.002.0
MinimumVisualStudioVersion = 10.0.40219.1
Project("{9A19103F-16F7-4668-BE54-9A1E7A4F7556}") = "Ejercicios 8-3", "Ejercicios 8-3.csproj", "{2A3F0A26-C13B-4601-8E76-882CB55A775F}"
EndProject
Global
	GlobalSection(SolutionConfigurationPlatforms) = preSolution
		Debug|Any CPU = Debug|Any CPU
		Release|Any CPU = Release|Any CPU
	EndGlobalSection
	GlobalSection(ProjectConfigurationPlatforms) = postSolution
		{2A3F0A26-C13B-4601-8E76-882CB55A775F}.Debug|Any CPU.ActiveCfg = Debug|Any CPU
		{2A3F0A26-C13B-4601-8E76-882CB55A775F}.Debug|Any CPU.Build.0 = Debug|Any CPU
		{2A3F0A26-C13B-4601-8E76-882CB55A775F}.Release|Any CPU.ActiveCfg = Release|Any CPU
		{2A3F0A26-C13B-4601-8E76-882CB55A775F}.Release|Any CPU.Build.0 = Release|Any CPU
	EndGlobalSection
	GlobalSection(SolutionProperties) = preSolution
		HideSolutionNode = FALSE
	EndGlobalSection
	GlobalSection(ExtensibilityGlobals) = postSolution
		SolutionGuid = {2DE200A8-AFE8-468C-88EC-5FF471A78319}
	EndGlobalSection
EndGlobal
